// !$*UTF8*$!
{
	archiveVersion = 1;
	classes = {
	};
	objectVersion = 50;
	objects = {

/* Begin PBXBuildFile section */
		72EB6A2A22341AE9000344BF /* AppDelegate.swift in Sources */ = {isa = PBXBuildFile; fileRef = 72EB6A2922341AE9000344BF /* AppDelegate.swift */; };
		72EB6A2C22341AE9000344BF /* ViewController.swift in Sources */ = {isa = PBXBuildFile; fileRef = 72EB6A2B22341AE9000344BF /* ViewController.swift */; };
		72EB6A2F22341AE9000344BF /* Main.storyboard in Resources */ = {isa = PBXBuildFile; fileRef = 72EB6A2D22341AE9000344BF /* Main.storyboard */; };
		72EB6A3122341AFB000344BF /* Assets.xcassets in Resources */ = {isa = PBXBuildFile; fileRef = 72EB6A3022341AFB000344BF /* Assets.xcassets */; };
		72EB6A3422341AFB000344BF /* LaunchScreen.storyboard in Resources */ = {isa = PBXBuildFile; fileRef = 72EB6A3222341AFB000344BF /* LaunchScreen.storyboard */; };
		72EB6A3F22341AFC000344BF /* TwitterTests.swift in Sources */ = {isa = PBXBuildFile; fileRef = 72EB6A3E22341AFC000344BF /* TwitterTests.swift */; };
		72EB6A4A22341AFC000344BF /* TwitterUITests.swift in Sources */ = {isa = PBXBuildFile; fileRef = 72EB6A4922341AFC000344BF /* TwitterUITests.swift */; };
/* End PBXBuildFile section */

/* Begin PBXContainerItemProxy section */
		72EB6A3B22341AFC000344BF /* PBXContainerItemProxy */ = {
			isa = PBXContainerItemProxy;
			containerPortal = 72EB6A1E22341AE8000344BF /* Project object */;
			proxyType = 1;
			remoteGlobalIDString = 72EB6A2522341AE8000344BF;
			remoteInfo = Twitter;
		};
		72EB6A4622341AFC000344BF /* PBXContainerItemProxy */ = {
			isa = PBXContainerItemProxy;
			containerPortal = 72EB6A1E22341AE8000344BF /* Project object */;
			proxyType = 1;
			remoteGlobalIDString = 72EB6A2522341AE8000344BF;
			remoteInfo = Twitter;
		};
/* End PBXContainerItemProxy section */

/* Begin PBXFileReference section */
		72EB6A2622341AE9000344BF /* Twitter.app */ = {isa = PBXFileReference; explicitFileType = wrapper.application; includeInIndex = 0; path = Twitter.app; sourceTree = BUILT_PRODUCTS_DIR; };
		72EB6A2922341AE9000344BF /* AppDelegate.swift */ = {isa = PBXFileReference; lastKnownFileType = sourcecode.swift; path = AppDelegate.swift; sourceTree = "<group>"; };
		72EB6A2B22341AE9000344BF /* ViewController.swift */ = {isa = PBXFileReference; lastKnownFileType = sourcecode.swift; path = ViewController.swift; sourceTree = "<group>"; };
		72EB6A2E22341AE9000344BF /* Base */ = {isa = PBXFileReference; lastKnownFileType = file.storyboard; name = Base; path = Base.lproj/Main.storyboard; sourceTree = "<group>"; };
		72EB6A3022341AFB000344BF /* Assets.xcassets */ = {isa = PBXFileReference; lastKnownFileType = folder.assetcatalog; path = Assets.xcassets; sourceTree = "<group>"; };
		72EB6A3322341AFB000344BF /* Base */ = {isa = PBXFileReference; lastKnownFileType = file.storyboard; name = Base; path = Base.lproj/LaunchScreen.storyboard; sourceTree = "<group>"; };
		72EB6A3522341AFB000344BF /* Info.plist */ = {isa = PBXFileReference; lastKnownFileType = text.plist.xml; path = Info.plist; sourceTree = "<group>"; };
		72EB6A3A22341AFC000344BF /* TwitterTests.xctest */ = {isa = PBXFileReference; explicitFileType = wrapper.cfbundle; includeInIndex = 0; path = TwitterTests.xctest; sourceTree = BUILT_PRODUCTS_DIR; };
		72EB6A3E22341AFC000344BF /* TwitterTests.swift */ = {isa = PBXFileReference; lastKnownFileType = sourcecode.swift; path = TwitterTests.swift; sourceTree = "<group>"; };
		72EB6A4022341AFC000344BF /* Info.plist */ = {isa = PBXFileReference; lastKnownFileType = text.plist.xml; path = Info.plist; sourceTree = "<group>"; };
		72EB6A4522341AFC000344BF /* TwitterUITests.xctest */ = {isa = PBXFileReference; explicitFileType = wrapper.cfbundle; includeInIndex = 0; path = TwitterUITests.xctest; sourceTree = BUILT_PRODUCTS_DIR; };
		72EB6A4922341AFC000344BF /* TwitterUITests.swift */ = {isa = PBXFileReference; lastKnownFileType = sourcecode.swift; path = TwitterUITests.swift; sourceTree = "<group>"; };
		72EB6A4B22341AFC000344BF /* Info.plist */ = {isa = PBXFileReference; lastKnownFileType = text.plist.xml; path = Info.plist; sourceTree = "<group>"; };
/* End PBXFileReference section */

/* Begin PBXFrameworksBuildPhase section */
		72EB6A2322341AE8000344BF /* Frameworks */ = {
			isa = PBXFrameworksBuildPhase;
			buildActionMask = 2147483647;
			files = (
			);
			runOnlyForDeploymentPostprocessing = 0;
		};
		72EB6A3722341AFC000344BF /* Frameworks */ = {
			isa = PBXFrameworksBuildPhase;
			buildActionMask = 2147483647;
			files = (
			);
			runOnlyForDeploymentPostprocessing = 0;
		};
		72EB6A4222341AFC000344BF /* Frameworks */ = {
			isa = PBXFrameworksBuildPhase;
			buildActionMask = 2147483647;
			files = (
			);
			runOnlyForDeploymentPostprocessing = 0;
		};
/* End PBXFrameworksBuildPhase section */

/* Begin PBXGroup section */
		72EB6A1D22341AE8000344BF = {
			isa = PBXGroup;
			children = (
				72EB6A2822341AE9000344BF /* Twitter */,
				72EB6A3D22341AFC000344BF /* TwitterTests */,
				72EB6A4822341AFC000344BF /* TwitterUITests */,
				72EB6A2722341AE9000344BF /* Products */,
			);
			sourceTree = "<group>";
		};
		72EB6A2722341AE9000344BF /* Products */ = {
			isa = PBXGroup;
			children = (
				72EB6A2622341AE9000344BF /* Twitter.app */,
				72EB6A3A22341AFC000344BF /* TwitterTests.xctest */,
				72EB6A4522341AFC000344BF /* TwitterUITests.xctest */,
			);
			name = Products;
			sourceTree = "<group>";
		};
		72EB6A2822341AE9000344BF /* Twitter */ = {
			isa = PBXGroup;
			children = (
				72EB6A2922341AE9000344BF /* AppDelegate.swift */,
				72EB6A2B22341AE9000344BF /* ViewController.swift */,
				72EB6A2D22341AE9000344BF /* Main.storyboard */,
				72EB6A3022341AFB000344BF /* Assets.xcassets */,
				72EB6A3222341AFB000344BF /* LaunchScreen.storyboard */,
				72EB6A3522341AFB000344BF /* Info.plist */,
			);
			path = Twitter;
			sourceTree = "<group>";
		};
		72EB6A3D22341AFC000344BF /* TwitterTests */ = {
			isa = PBXGroup;
			children = (
				72EB6A3E22341AFC000344BF /* TwitterTests.swift */,
				72EB6A4022341AFC000344BF /* Info.plist */,
			);
			path = TwitterTests;
			sourceTree = "<group>";
		};
		72EB6A4822341AFC000344BF /* TwitterUITests */ = {
			isa = PBXGroup;
			children = (
				72EB6A4922341AFC000344BF /* TwitterUITests.swift */,
				72EB6A4B22341AFC000344BF /* Info.plist */,
			);
			path = TwitterUITests;
			sourceTree = "<group>";
		};
/* End PBXGroup section */

/* Begin PBXNativeTarget section */
		72EB6A2522341AE8000344BF /* Twitter */ = {
			isa = PBXNativeTarget;
			buildConfigurationList = 72EB6A4E22341AFC000344BF /* Build configuration list for PBXNativeTarget "Twitter" */;
			buildPhases = (
				72EB6A2222341AE8000344BF /* Sources */,
				72EB6A2322341AE8000344BF /* Frameworks */,
				72EB6A2422341AE8000344BF /* Resources */,
			);
			buildRules = (
			);
			dependencies = (
			);
			name = Twitter;
			productName = Twitter;
			productReference = 72EB6A2622341AE9000344BF /* Twitter.app */;
			productType = "com.apple.product-type.application";
		};
		72EB6A3922341AFC000344BF /* TwitterTests */ = {
			isa = PBXNativeTarget;
			buildConfigurationList = 72EB6A5122341AFC000344BF /* Build configuration list for PBXNativeTarget "TwitterTests" */;
			buildPhases = (
				72EB6A3622341AFC000344BF /* Sources */,
				72EB6A3722341AFC000344BF /* Frameworks */,
				72EB6A3822341AFC000344BF /* Resources */,
			);
			buildRules = (
			);
			dependencies = (
				72EB6A3C22341AFC000344BF /* PBXTargetDependency */,
			);
			name = TwitterTests;
			productName = TwitterTests;
			productReference = 72EB6A3A22341AFC000344BF /* TwitterTests.xctest */;
			productType = "com.apple.product-type.bundle.unit-test";
		};
		72EB6A4422341AFC000344BF /* TwitterUITests */ = {
			isa = PBXNativeTarget;
			buildConfigurationList = 72EB6A5422341AFC000344BF /* Build configuration list for PBXNativeTarget "TwitterUITests" */;
			buildPhases = (
				72EB6A4122341AFC000344BF /* Sources */,
				72EB6A4222341AFC000344BF /* Frameworks */,
				72EB6A4322341AFC000344BF /* Resources */,
			);
			buildRules = (
			);
			dependencies = (
				72EB6A4722341AFC000344BF /* PBXTargetDependency */,
			);
			name = TwitterUITests;
			productName = TwitterUITests;
			productReference = 72EB6A4522341AFC000344BF /* TwitterUITests.xctest */;
			productType = "com.apple.product-type.bundle.ui-testing";
		};
/* End PBXNativeTarget section */

/* Begin PBXProject section */
		72EB6A1E22341AE8000344BF /* Project object */ = {
			isa = PBXProject;
			attributes = {
				LastSwiftUpdateCheck = 1010;
				LastUpgradeCheck = 1010;
				ORGANIZATIONNAME = MamadouABalde;
				TargetAttributes = {
					72EB6A2522341AE8000344BF = {
						CreatedOnToolsVersion = 10.1;
					};
					72EB6A3922341AFC000344BF = {
						CreatedOnToolsVersion = 10.1;
						TestTargetID = 72EB6A2522341AE8000344BF;
					};
					72EB6A4422341AFC000344BF = {
						CreatedOnToolsVersion = 10.1;
						TestTargetID = 72EB6A2522341AE8000344BF;
					};
				};
			};
			buildConfigurationList = 72EB6A2122341AE8000344BF /* Build configuration list for PBXProject "Twitter" */;
			compatibilityVersion = "Xcode 9.3";
			developmentRegion = en;
			hasScannedForEncodings = 0;
			knownRegions = (
				en,
				Base,
			);
			mainGroup = 72EB6A1D22341AE8000344BF;
			productRefGroup = 72EB6A2722341AE9000344BF /* Products */;
			projectDirPath = "";
			projectRoot = "";
			targets = (
				72EB6A2522341AE8000344BF /* Twitter */,
				72EB6A3922341AFC000344BF /* TwitterTests */,
				72EB6A4422341AFC000344BF /* TwitterUITests */,
			);
		};
/* End PBXProject section */

/* Begin PBXResourcesBuildPhase section */
		72EB6A2422341AE8000344BF /* Resources */ = {
			isa = PBXResourcesBuildPhase;
			buildActionMask = 2147483647;
			files = (
				72EB6A3422341AFB000344BF /* LaunchScreen.storyboard in Resources */,
				72EB6A3122341AFB000344BF /* Assets.xcassets in Resources */,
				72EB6A2F22341AE9000344BF /* Main.storyboard in Resources */,
			);
			runOnlyForDeploymentPostprocessing = 0;
		};
		72EB6A3822341AFC000344BF /* Resources */ = {
			isa = PBXResourcesBuildPhase;
			buildActionMask = 2147483647;
			files = (
			);
			runOnlyForDeploymentPostprocessing = 0;
		};
		72EB6A4322341AFC000344BF /* Resources */ = {
			isa = PBXResourcesBuildPhase;
			buildActionMask = 2147483647;
			files = (
			);
			runOnlyForDeploymentPostprocessing = 0;
		};
/* End PBXResourcesBuildPhase section */

/* Begin PBXSourcesBuildPhase section */
		72EB6A2222341AE8000344BF /* Sources */ = {
			isa = PBXSourcesBuildPhase;
			buildActionMask = 2147483647;
			files = (
				72EB6A2C22341AE9000344BF /* ViewController.swift in Sources */,
				72EB6A2A22341AE9000344BF /* AppDelegate.swift in Sources */,
			);
			runOnlyForDeploymentPostprocessing = 0;
		};
		72EB6A3622341AFC000344BF /* Sources */ = {
			isa = PBXSourcesBuildPhase;
			buildActionMask = 2147483647;
			files = (
				72EB6A3F22341AFC000344BF /* TwitterTests.swift in Sources */,
			);
			runOnlyForDeploymentPostprocessing = 0;
		};
		72EB6A4122341AFC000344BF /* Sources */ = {
			isa = PBXSourcesBuildPhase;
			buildActionMask = 2147483647;
			files = (
				72EB6A4A22341AFC000344BF /* TwitterUITests.swift in Sources */,
			);
			runOnlyForDeploymentPostprocessing = 0;
		};
/* End PBXSourcesBuildPhase section */

/* Begin PBXTargetDependency section */
		72EB6A3C22341AFC000344BF /* PBXTargetDependency */ = {
			isa = PBXTargetDependency;
			target = 72EB6A2522341AE8000344BF /* Twitter */;
			targetProxy = 72EB6A3B22341AFC000344BF /* PBXContainerItemProxy */;
		};
		72EB6A4722341AFC000344BF /* PBXTargetDependency */ = {
			isa = PBXTargetDependency;
			target = 72EB6A2522341AE8000344BF /* Twitter */;
			targetProxy = 72EB6A4622341AFC000344BF /* PBXContainerItemProxy */;
		};
/* End PBXTargetDependency section */

/* Begin PBXVariantGroup section */
		72EB6A2D22341AE9000344BF /* Main.storyboard */ = {
			isa = PBXVariantGroup;
			children = (
				72EB6A2E22341AE9000344BF /* Base */,
			);
			name = Main.storyboard;
			sourceTree = "<group>";
		};
		72EB6A3222341AFB000344BF /* LaunchScreen.storyboard */ = {
			isa = PBXVariantGroup;
			children = (
				72EB6A3322341AFB000344BF /* Base */,
			);
			name = LaunchScreen.storyboard;
			sourceTree = "<group>";
		};
/* End PBXVariantGroup section */

/* Begin XCBuildConfiguration section */
		72EB6A4C22341AFC000344BF /* Debug */ = {
			isa = XCBuildConfiguration;
			buildSettings = {
				ALWAYS_SEARCH_USER_PATHS = NO;
				CLANG_ANALYZER_NONNULL = YES;
				CLANG_ANALYZER_NUMBER_OBJECT_CONVERSION = YES_AGGRESSIVE;
				CLANG_CXX_LANGUAGE_STANDARD = "gnu++14";
				CLANG_CXX_LIBRARY = "libc++";
				CLANG_ENABLE_MODULES = YES;
				CLANG_ENABLE_OBJC_ARC = YES;
				CLANG_ENABLE_OBJC_WEAK = YES;
				CLANG_WARN_BLOCK_CAPTURE_AUTORELEASING = YES;
				CLANG_WARN_BOOL_CONVERSION = YES;
				CLANG_WARN_COMMA = YES;
				CLANG_WARN_CONSTANT_CONVERSION = YES;
				CLANG_WARN_DEPRECATED_OBJC_IMPLEMENTATIONS = YES;
				CLANG_WARN_DIRECT_OBJC_ISA_USAGE = YES_ERROR;
				CLANG_WARN_DOCUMENTATION_COMMENTS = YES;
				CLANG_WARN_EMPTY_BODY = YES;
				CLANG_WARN_ENUM_CONVERSION = YES;
				CLANG_WARN_INFINITE_RECURSION = YES;
				CLANG_WARN_INT_CONVERSION = YES;
				CLANG_WARN_NON_LITERAL_NULL_CONVERSION = YES;
				CLANG_WARN_OBJC_IMPLICIT_RETAIN_SELF = YES;
				CLANG_WARN_OBJC_LITERAL_CONVERSION = YES;
				CLANG_WARN_OBJC_ROOT_CLASS = YES_ERROR;
				CLANG_WARN_RANGE_LOOP_ANALYSIS = YES;
				CLANG_WARN_STRICT_PROTOTYPES = YES;
				CLANG_WARN_SUSPICIOUS_MOVE = YES;
				CLANG_WARN_UNGUARDED_AVAILABILITY = YES_AGGRESSIVE;
				CLANG_WARN_UNREACHABLE_CODE = YES;
				CLANG_WARN__DUPLICATE_METHOD_MATCH = YES;
				CODE_SIGN_IDENTITY = "iPhone Developer";
				COPY_PHASE_STRIP = NO;
				DEBUG_INFORMATION_FORMAT = dwarf;
				ENABLE_STRICT_OBJC_MSGSEND = YES;
				ENABLE_TESTABILITY = YES;
				GCC_C_LANGUAGE_STANDARD = gnu11;
				GCC_DYNAMIC_NO_PIC = NO;
				GCC_NO_COMMON_BLOCKS = YES;
				GCC_OPTIMIZATION_LEVEL = 0;
				GCC_PREPROCESSOR_DEFINITIONS = (
					"DEBUG=1",
					"$(inherited)",
				);
				GCC_WARN_64_TO_32_BIT_CONVERSION = YES;
				GCC_WARN_ABOUT_RETURN_TYPE = YES_ERROR;
				GCC_WARN_UNDECLARED_SELECTOR = YES;
				GCC_WARN_UNINITIALIZED_AUTOS = YES_AGGRESSIVE;
				GCC_WARN_UNUSED_FUNCTION = YES;
				GCC_WARN_UNUSED_VARIABLE = YES;
				IPHONEOS_DEPLOYMENT_TARGET = 12.1;
				MTL_ENABLE_DEBUG_INFO = INCLUDE_SOURCE;
				MTL_FAST_MATH = YES;
				ONLY_ACTIVE_ARCH = YES;
				SDKROOT = iphoneos;
				SWIFT_ACTIVE_COMPILATION_CONDITIONS = DEBUG;
				SWIFT_OPTIMIZATION_LEVEL = "-Onone";
			};
			name = Debug;
		};
		72EB6A4D22341AFC000344BF /* Release */ = {
			isa = XCBuildConfiguration;
			buildSettings = {
				ALWAYS_SEARCH_USER_PATHS = NO;
				CLANG_ANALYZER_NONNULL = YES;
				CLANG_ANALYZER_NUMBER_OBJECT_CONVERSION = YES_AGGRESSIVE;
				CLANG_CXX_LANGUAGE_STANDARD = "gnu++14";
				CLANG_CXX_LIBRARY = "libc++";
				CLANG_ENABLE_MODULES = YES;
				CLANG_ENABLE_OBJC_ARC = YES;
				CLANG_ENABLE_OBJC_WEAK = YES;
				CLANG_WARN_BLOCK_CAPTURE_AUTORELEASING = YES;
				CLANG_WARN_BOOL_CONVERSION = YES;
				CLANG_WARN_COMMA = YES;
				CLANG_WARN_CONSTANT_CONVERSION = YES;
				CLANG_WARN_DEPRECATED_OBJC_IMPLEMENTATIONS = YES;
				CLANG_WARN_DIRECT_OBJC_ISA_USAGE = YES_ERROR;
				CLANG_WARN_DOCUMENTATION_COMMENTS = YES;
				CLANG_WARN_EMPTY_BODY = YES;
				CLANG_WARN_ENUM_CONVERSION = YES;
				CLANG_WARN_INFINITE_RECURSION = YES;
				CLANG_WARN_INT_CONVERSION = YES;
				CLANG_WARN_NON_LITERAL_NULL_CONVERSION = YES;
				CLANG_WARN_OBJC_IMPLICIT_RETAIN_SELF = YES;
				CLANG_WARN_OBJC_LITERAL_CONVERSION = YES;
				CLANG_WARN_OBJC_ROOT_CLASS = YES_ERROR;
				CLANG_WARN_RANGE_LOOP_ANALYSIS = YES;
				CLANG_WARN_STRICT_PROTOTYPES = YES;
				CLANG_WARN_SUSPICIOUS_MOVE = YES;
				CLANG_WARN_UNGUARDED_AVAILABILITY = YES_AGGRESSIVE;
				CLANG_WARN_UNREACHABLE_CODE = YES;
				CLANG_WARN__DUPLICATE_METHOD_MATCH = YES;
				CODE_SIGN_IDENTITY = "iPhone Developer";
				COPY_PHASE_STRIP = NO;
				DEBUG_INFORMATION_FORMAT = "dwarf-with-dsym";
				ENABLE_NS_ASSERTIONS = NO;
				ENABLE_STRICT_OBJC_MSGSEND = YES;
				GCC_C_LANGUAGE_STANDARD = gnu11;
				GCC_NO_COMMON_BLOCKS = YES;
				GCC_WARN_64_TO_32_BIT_CONVERSION = YES;
				GCC_WARN_ABOUT_RETURN_TYPE = YES_ERROR;
				GCC_WARN_UNDECLARED_SELECTOR = YES;
				GCC_WARN_UNINITIALIZED_AUTOS = YES_AGGRESSIVE;
				GCC_WARN_UNUSED_FUNCTION = YES;
				GCC_WARN_UNUSED_VARIABLE = YES;
				IPHONEOS_DEPLOYMENT_TARGET = 12.1;
				MTL_ENABLE_DEBUG_INFO = NO;
				MTL_FAST_MATH = YES;
				SDKROOT = iphoneos;
				SWIFT_COMPILATION_MODE = wholemodule;
				SWIFT_OPTIMIZATION_LEVEL = "-O";
				VALIDATE_PRODUCT = YES;
			};
			name = Release;
		};
		72EB6A4F22341AFC000344BF /* Debug */ = {
			isa = XCBuildConfiguration;
			buildSettings = {
				ASSETCATALOG_COMPILER_APPICON_NAME = AppIcon;
				CODE_SIGN_STYLE = Automatic;
				INFOPLIST_FILE = Twitter/Info.plist;
				LD_RUNPATH_SEARCH_PATHS = (
					"$(inherited)",
					"@executable_path/Frameworks",
				);
				PRODUCT_BUNDLE_IDENTIFIER = "Exo-1.Twitter";
				PRODUCT_NAME = "$(TARGET_NAME)";
				SWIFT_VERSION = 4.2;
				TARGETED_DEVICE_FAMILY = "1,2";
			};
			name = Debug;
		};
		72EB6A5022341AFC000344BF /* Release */ = {
			isa = XCBuildConfiguration;
			buildSettings = {
				ASSETCATALOG_COMPILER_APPICON_NAME = AppIcon;
				CODE_SIGN_STYLE = Automatic;
				INFOPLIST_FILE = Twitter/Info.plist;
				LD_RUNPATH_SEARCH_PATHS = (
					"$(inherited)",
					"@executable_path/Frameworks",
				);
				PRODUCT_BUNDLE_IDENTIFIER = "Exo-1.Twitter";
				PRODUCT_NAME = "$(TARGET_NAME)";
				SWIFT_VERSION = 4.2;
				TARGETED_DEVICE_FAMILY = "1,2";
			};
			name = Release;
		};
		72EB6A5222341AFC000344BF /* Debug */ = {
			isa = XCBuildConfiguration;
			buildSettings = {
				ALWAYS_EMBED_SWIFT_STANDARD_LIBRARIES = YES;
				BUNDLE_LOADER = "$(TEST_HOST)";
				CODE_SIGN_STYLE = Automatic;
				INFOPLIST_FILE = TwitterTests/Info.plist;
				LD_RUNPATH_SEARCH_PATHS = (
					"$(inherited)",
					"@executable_path/Frameworks",
					"@loader_path/Frameworks",
				);
				PRODUCT_BUNDLE_IDENTIFIER = "Exo-1.TwitterTests";
				PRODUCT_NAME = "$(TARGET_NAME)";
				SWIFT_VERSION = 4.2;
				TARGETED_DEVICE_FAMILY = "1,2";
				TEST_HOST = "$(BUILT_PRODUCTS_DIR)/Twitter.app/Twitter";
			};
			name = Debug;
		};
		72EB6A5322341AFC000344BF /* Release */ = {
			isa = XCBuildConfiguration;
			buildSettings = {
				ALWAYS_EMBED_SWIFT_STANDARD_LIBRARIES = YES;
				BUNDLE_LOADER = "$(TEST_HOST)";
				CODE_SIGN_STYLE = Automatic;
				INFOPLIST_FILE = TwitterTests/Info.plist;
				LD_RUNPATH_SEARCH_PATHS = (
					"$(inherited)",
					"@executable_path/Frameworks",
					"@loader_path/Frameworks",
				);
				PRODUCT_BUNDLE_IDENTIFIER = "Exo-1.TwitterTests";
				PRODUCT_NAME = "$(TARGET_NAME)";
				SWIFT_VERSION = 4.2;
				TARGETED_DEVICE_FAMILY = "1,2";
				TEST_HOST = "$(BUILT_PRODUCTS_DIR)/Twitter.app/Twitter";
			};
			name = Release;
		};
		72EB6A5522341AFC000344BF /* Debug */ = {
			isa = XCBuildConfiguration;
			buildSettings = {
				ALWAYS_EMBED_SWIFT_STANDARD_LIBRARIES = YES;
				CODE_SIGN_STYLE = Automatic;
				INFOPLIST_FILE = TwitterUITests/Info.plist;
				LD_RUNPATH_SEARCH_PATHS = (
					"$(inherited)",
					"@executable_path/Frameworks",
					"@loader_path/Frameworks",
				);
				PRODUCT_BUNDLE_IDENTIFIER = "Exo-1.TwitterUITests";
				PRODUCT_NAME = "$(TARGET_NAME)";
				SWIFT_VERSION = 4.2;
				TARGETED_DEVICE_FAMILY = "1,2";
				TEST_TARGET_NAME = Twitter;
			};
			name = Debug;
		};
		72EB6A5622341AFC000344BF /* Release */ = {
			isa = XCBuildConfiguration;
			buildSettings = {
				ALWAYS_EMBED_SWIFT_STANDARD_LIBRARIES = YES;
				CODE_SIGN_STYLE = Automatic;
				INFOPLIST_FILE = TwitterUITests/Info.plist;
				LD_RUNPATH_SEARCH_PATHS = (
					"$(inherited)",
					"@executable_path/Frameworks",
					"@loader_path/Frameworks",
				);
				PRODUCT_BUNDLE_IDENTIFIER = "Exo-1.TwitterUITests";
				PRODUCT_NAME = "$(TARGET_NAME)";
				SWIFT_VERSION = 4.2;
				TARGETED_DEVICE_FAMILY = "1,2";
				TEST_TARGET_NAME = Twitter;
			};
			name = Release;
		};
/* End XCBuildConfiguration section */

/* Begin XCConfigurationList section */
		72EB6A2122341AE8000344BF /* Build configuration list for PBXProject "Twitter" */ = {
			isa = XCConfigurationList;
			buildConfigurations = (
				72EB6A4C22341AFC000344BF /* Debug */,
				72EB6A4D22341AFC000344BF /* Release */,
			);
			defaultConfigurationIsVisible = 0;
			defaultConfigurationName = Release;
		};
		72EB6A4E22341AFC000344BF /* Build configuration list for PBXNativeTarget "Twitter" */ = {
			isa = XCConfigurationList;
			buildConfigurations = (
				72EB6A4F22341AFC000344BF /* Debug */,
				72EB6A5022341AFC000344BF /* Release */,
			);
			defaultConfigurationIsVisible = 0;
			defaultConfigurationName = Release;
		};
		72EB6A5122341AFC000344BF /* Build configuration list for PBXNativeTarget "TwitterTests" */ = {
			isa = XCConfigurationList;
			buildConfigurations = (
				72EB6A5222341AFC000344BF /* Debug */,
				72EB6A5322341AFC000344BF /* Release */,
			);
			defaultConfigurationIsVisible = 0;
			defaultConfigurationName = Release;
		};
		72EB6A5422341AFC000344BF /* Build configuration list for PBXNativeTarget "TwitterUITests" */ = {
			isa = XCConfigurationList;
			buildConfigurations = (
				72EB6A5522341AFC000344BF /* Debug */,
				72EB6A5622341AFC000344BF /* Release */,
			);
			defaultConfigurationIsVisible = 0;
			defaultConfigurationName = Release;
		};
/* End XCConfigurationList section */
	};
	rootObject = 72EB6A1E22341AE8000344BF /* Project object */;
}
